
Microsoft Visual Studio Solution File, Format Version 12.00
# Visual Studio 2013
VisualStudioVersion = 12.0.21005.1
MinimumVisualStudioVersion = 10.0.40219.1
Project("{8BC9CEB8-8B4A-11D0-8D11-00A0C91BC942}") = "Darts", "Darts\Darts.vcxproj", "{4AD61FE5-9A29-4AB5-8FFA-A6E59E521054}"
EndProject
Project("{2150E333-8FDC-42A3-9474-1A3956D46DE8}") = "Solution Items", "Solution Items", "{77F0CEED-02C5-4D8B-93CC-B8779F46FA82}"
	ProjectSection(SolutionItems) = preProject
		Performance1.psess = Performance1.psess
	EndProjectSection
EndProject
Global
	GlobalSection(SolutionConfigurationPlatforms) = preSolution
		Debug|Win32 = Debug|Win32
		Release|Win32 = Release|Win32
	EndGlobalSection
	GlobalSection(ProjectConfigurationPlatforms) = postSolution
		{4AD61FE5-9A29-4AB5-8FFA-A6E59E521054}.Debug|Win32.ActiveCfg = Debug|Win32
		{4AD61FE5-9A29-4AB5-8FFA-A6E59E521054}.Debug|Win32.Build.0 = Debug|Win32
		{4AD61FE5-9A29-4AB5-8FFA-A6E59E521054}.Release|Win32.ActiveCfg = Release|Win32
		{4AD61FE5-9A29-4AB5-8FFA-A6E59E521054}.Release|Win32.Build.0 = Release|Win32
	EndGlobalSection
	GlobalSection(SolutionProperties) = preSolution
		HideSolutionNode = FALSE
	EndGlobalSection
EndGlobal
